
Microsoft Visual Studio Solution File, Format Version 12.00
# Visual Studio Version 17
VisualStudioVersion = 17.0.31903.59
MinimumVisualStudioVersion = 10.0.40219.1
Project("{2150E333-8FDC-42A3-9474-1A3956D46DE8}") = "src", "src", "{EEEA0BB6-0D09-455D-B57D-5AC58329B396}"
EndProject
Project("{FAE04EC0-301F-11D3-BF4B-00C04F79EFBC}") = "Application", "src\Application\Application.csproj", "{8FEF2D72-5FC9-4835-9AE6-5BA334E78617}"
EndProject
Project("{FAE04EC0-301F-11D3-BF4B-00C04F79EFBC}") = "Domain", "src\Domain\Domain.csproj", "{438BF563-FD66-46AA-9C55-8A1D24CBF706}"
EndProject
Project("{FAE04EC0-301F-11D3-BF4B-00C04F79EFBC}") = "Infrastructure", "src\Infrastructure\Infrastructure.csproj", "{B7A6CFF5-C847-4EB0-9B08-490067D5C891}"
EndProject
Project("{FAE04EC0-301F-11D3-BF4B-00C04F79EFBC}") = "Presentation", "src\Presentation\Presentation.csproj", "{23B0D0DA-0F2A-4891-82F8-D4342B950692}"
EndProject
Project("{2150E333-8FDC-42A3-9474-1A3956D46DE8}") = "tests", "tests", "{276C5BE9-392B-4EBC-8153-09CB403662F8}"
EndProject
Project("{FAE04EC0-301F-11D3-BF4B-00C04F79EFBC}") = "Application.Tests", "tests\Application.Tests\Application.Tests.csproj", "{84755904-AC67-47EE-8F6C-201C1F961B98}"
EndProject
Global
	GlobalSection(SolutionConfigurationPlatforms) = preSolution
		Debug|Any CPU = Debug|Any CPU
		Release|Any CPU = Release|Any CPU
	EndGlobalSection
	GlobalSection(SolutionProperties) = preSolution
		HideSolutionNode = FALSE
	EndGlobalSection
	GlobalSection(ProjectConfigurationPlatforms) = postSolution
		{8FEF2D72-5FC9-4835-9AE6-5BA334E78617}.Debug|Any CPU.ActiveCfg = Debug|Any CPU
		{8FEF2D72-5FC9-4835-9AE6-5BA334E78617}.Debug|Any CPU.Build.0 = Debug|Any CPU
		{8FEF2D72-5FC9-4835-9AE6-5BA334E78617}.Release|Any CPU.ActiveCfg = Release|Any CPU
		{8FEF2D72-5FC9-4835-9AE6-5BA334E78617}.Release|Any CPU.Build.0 = Release|Any CPU
		{438BF563-FD66-46AA-9C55-8A1D24CBF706}.Debug|Any CPU.ActiveCfg = Debug|Any CPU
		{438BF563-FD66-46AA-9C55-8A1D24CBF706}.Debug|Any CPU.Build.0 = Debug|Any CPU
		{438BF563-FD66-46AA-9C55-8A1D24CBF706}.Release|Any CPU.ActiveCfg = Release|Any CPU
		{438BF563-FD66-46AA-9C55-8A1D24CBF706}.Release|Any CPU.Build.0 = Release|Any CPU
		{B7A6CFF5-C847-4EB0-9B08-490067D5C891}.Debug|Any CPU.ActiveCfg = Debug|Any CPU
		{B7A6CFF5-C847-4EB0-9B08-490067D5C891}.Debug|Any CPU.Build.0 = Debug|Any CPU
		{B7A6CFF5-C847-4EB0-9B08-490067D5C891}.Release|Any CPU.ActiveCfg = Release|Any CPU
		{B7A6CFF5-C847-4EB0-9B08-490067D5C891}.Release|Any CPU.Build.0 = Release|Any CPU
		{23B0D0DA-0F2A-4891-82F8-D4342B950692}.Debug|Any CPU.ActiveCfg = Debug|Any CPU
		{23B0D0DA-0F2A-4891-82F8-D4342B950692}.Debug|Any CPU.Build.0 = Debug|Any CPU
		{23B0D0DA-0F2A-4891-82F8-D4342B950692}.Release|Any CPU.ActiveCfg = Release|Any CPU
		{23B0D0DA-0F2A-4891-82F8-D4342B950692}.Release|Any CPU.Build.0 = Release|Any CPU
		{84755904-AC67-47EE-8F6C-201C1F961B98}.Debug|Any CPU.ActiveCfg = Debug|Any CPU
		{84755904-AC67-47EE-8F6C-201C1F961B98}.Debug|Any CPU.Build.0 = Debug|Any CPU
		{84755904-AC67-47EE-8F6C-201C1F961B98}.Release|Any CPU.ActiveCfg = Release|Any CPU
		{84755904-AC67-47EE-8F6C-201C1F961B98}.Release|Any CPU.Build.0 = Release|Any CPU
	EndGlobalSection
	GlobalSection(NestedProjects) = preSolution
		{8FEF2D72-5FC9-4835-9AE6-5BA334E78617} = {EEEA0BB6-0D09-455D-B57D-5AC58329B396}
		{438BF563-FD66-46AA-9C55-8A1D24CBF706} = {EEEA0BB6-0D09-455D-B57D-5AC58329B396}
		{B7A6CFF5-C847-4EB0-9B08-490067D5C891} = {EEEA0BB6-0D09-455D-B57D-5AC58329B396}
		{23B0D0DA-0F2A-4891-82F8-D4342B950692} = {EEEA0BB6-0D09-455D-B57D-5AC58329B396}
		{84755904-AC67-47EE-8F6C-201C1F961B98} = {276C5BE9-392B-4EBC-8153-09CB403662F8}
	EndGlobalSection
EndGlobal
